PODS:
  - Kingfisher (5.3.0)
  - R.swift (5.0.2):
    - R.swift.Library (~> 5.0.0)
  - R.swift.Library (5.0.1)
  - Realm (3.20.0):
    - Realm/Headers (= 3.20.0)
  - Realm/Headers (3.20.0)
  - RealmSwift (3.20.0):
    - Realm (= 3.20.0)
  - RxCocoa (5.0.1):
    - RxRelay (~> 5)
    - RxSwift (~> 5)
  - RxGesture (3.0.1):
    - RxCocoa (~> 5.0)
    - RxSwift (~> 5.0)
  - RxRealm (1.0.0):
    - RealmSwift (~> 3.14)
    - RxSwift (~> 5.0)
  - RxRelay (5.0.1):
    - RxSwift (~> 5)
  - RxSwift (5.0.1)

DEPENDENCIES:
  - Kingfisher (= 5.3.0)
  - R.swift (= 5.0.2)
  - RealmSwift (= 3.20.0)
  - RxCocoa (= 5.0.1)
  - RxGesture (= 3.0.1)
  - RxRealm (= 1.0.0)
  - RxSwift (= 5.0.1)

SPEC REPOS:
  trunk:
    - Kingfisher
    - R.swift
    - R.swift.Library
    - Realm
    - RealmSwift
    - RxCocoa
    - RxGesture
    - RxRealm
    - RxRelay
    - RxSwift

SPEC CHECKSUMS:
  Kingfisher: 4692c783ffb99e9e2e40a6eb3e518c3b96c6fa8c
  R.swift: 81455d81467763cbd3f4d79d938d05f4ac4c0228
  R.swift.Library: cfe85d569d9bae6cb262922db130e7c3a7a5fad1
  Realm: 8b2ca5bc6479a91f379b6b42b5922e396cd5ba5a
  RealmSwift: 1949ef26a279e1845bd51d591b9103adfcd121df
  RxCocoa: e741b9749968e8a143e2b787f1dfbff2b63d0a5c
  RxGesture: a3f8dd6adf078110ed5e1c9c30d09d705a09852e
  RxRealm: 1e81dcfca1fb50c3e9b3e1f8102bc875c5156a2e
  RxRelay: 89d54507f4fd4d969e6ec1d4bd7f3673640b4640
  RxSwift: e2dc62b366a3adf6a0be44ba9f405efd4c94e0c4

PODFILE CHECKSUM: 4c9d3dfa8d8464e0280ec357dae51b86face874b

COCOAPODS: 1.8.4
