// !$*UTF8*$!
{
	archiveVersion = 1;
	classes = {
	};
	objectVersion = 50;
	objects = {

/* Begin PBXBuildFile section */
		473633B223A2B9C8007F1549 /* AppDelegate.swift in Sources */ = {isa = PBXBuildFile; fileRef = 473633B123A2B9C8007F1549 /* AppDelegate.swift */; };
		473633B423A2B9C8007F1549 /* SceneDelegate.swift in Sources */ = {isa = PBXBuildFile; fileRef = 473633B323A2B9C8007F1549 /* SceneDelegate.swift */; };
		473633B923A2B9C8007F1549 /* Main.storyboard in Resources */ = {isa = PBXBuildFile; fileRef = 473633B723A2B9C8007F1549 /* Main.storyboard */; };
		473633BB23A2B9CA007F1549 /* Assets.xcassets in Resources */ = {isa = PBXBuildFile; fileRef = 473633BA23A2B9CA007F1549 /* Assets.xcassets */; };
		473633BE23A2B9CA007F1549 /* LaunchScreen.storyboard in Resources */ = {isa = PBXBuildFile; fileRef = 473633BC23A2B9CA007F1549 /* LaunchScreen.storyboard */; };
		473633CE23A2BA55007F1549 /* MAReposFramework.h in Headers */ = {isa = PBXBuildFile; fileRef = 473633CC23A2BA55007F1549 /* MAReposFramework.h */; settings = {ATTRIBUTES = (Public, ); }; };
		473633D123A2BA55007F1549 /* MAReposFramework.framework in Frameworks */ = {isa = PBXBuildFile; fileRef = 473633CA23A2BA55007F1549 /* MAReposFramework.framework */; };
		473633D223A2BA55007F1549 /* MAReposFramework.framework in Embed Frameworks */ = {isa = PBXBuildFile; fileRef = 473633CA23A2BA55007F1549 /* MAReposFramework.framework */; settings = {ATTRIBUTES = (CodeSignOnCopy, RemoveHeadersOnCopy, ); }; };
		473633D723A2BA63007F1549 /* ReposViewController.swift in Sources */ = {isa = PBXBuildFile; fileRef = 473633B523A2B9C8007F1549 /* ReposViewController.swift */; };
		47895D7623DF342C00CC8D51 /* GitHub.swift in Sources */ = {isa = PBXBuildFile; fileRef = 47895D7523DF342C00CC8D51 /* GitHub.swift */; };
		47895D7823DF34B100CC8D51 /* Analytics.swift in Sources */ = {isa = PBXBuildFile; fileRef = 47895D7723DF34B100CC8D51 /* Analytics.swift */; };
		47895D7A23DF34F500CC8D51 /* Environment.swift in Sources */ = {isa = PBXBuildFile; fileRef = 47895D7923DF34F500CC8D51 /* Environment.swift */; };
/* End PBXBuildFile section */

/* Begin PBXContainerItemProxy section */
		473633CF23A2BA55007F1549 /* PBXContainerItemProxy */ = {
			isa = PBXContainerItemProxy;
			containerPortal = 473633A623A2B9C8007F1549 /* Project object */;
			proxyType = 1;
			remoteGlobalIDString = 473633C923A2BA55007F1549;
			remoteInfo = MAReposFramework;
		};
/* End PBXContainerItemProxy section */

/* Begin PBXCopyFilesBuildPhase section */
		473633D623A2BA55007F1549 /* Embed Frameworks */ = {
			isa = PBXCopyFilesBuildPhase;
			buildActionMask = 2147483647;
			dstPath = "";
			dstSubfolderSpec = 10;
			files = (
				473633D223A2BA55007F1549 /* MAReposFramework.framework in Embed Frameworks */,
			);
			name = "Embed Frameworks";
			runOnlyForDeploymentPostprocessing = 0;
		};
/* End PBXCopyFilesBuildPhase section */

/* Begin PBXFileReference section */
		473633AE23A2B9C8007F1549 /* MARepo.app */ = {isa = PBXFileReference; explicitFileType = wrapper.application; includeInIndex = 0; path = MARepo.app; sourceTree = BUILT_PRODUCTS_DIR; };
		473633B123A2B9C8007F1549 /* AppDelegate.swift */ = {isa = PBXFileReference; lastKnownFileType = sourcecode.swift; path = AppDelegate.swift; sourceTree = "<group>"; };
		473633B323A2B9C8007F1549 /* SceneDelegate.swift */ = {isa = PBXFileReference; lastKnownFileType = sourcecode.swift; path = SceneDelegate.swift; sourceTree = "<group>"; };
		473633B523A2B9C8007F1549 /* ReposViewController.swift */ = {isa = PBXFileReference; lastKnownFileType = sourcecode.swift; path = ReposViewController.swift; sourceTree = "<group>"; };
		473633B823A2B9C8007F1549 /* Base */ = {isa = PBXFileReference; lastKnownFileType = file.storyboard; name = Base; path = Base.lproj/Main.storyboard; sourceTree = "<group>"; };
		473633BA23A2B9CA007F1549 /* Assets.xcassets */ = {isa = PBXFileReference; lastKnownFileType = folder.assetcatalog; path = Assets.xcassets; sourceTree = "<group>"; };
		473633BD23A2B9CA007F1549 /* Base */ = {isa = PBXFileReference; lastKnownFileType = file.storyboard; name = Base; path = Base.lproj/LaunchScreen.storyboard; sourceTree = "<group>"; };
		473633BF23A2B9CA007F1549 /* Info.plist */ = {isa = PBXFileReference; lastKnownFileType = text.plist.xml; name = Info.plist; path = ../MARepo/Info.plist; sourceTree = "<group>"; };
		473633CA23A2BA55007F1549 /* MAReposFramework.framework */ = {isa = PBXFileReference; explicitFileType = wrapper.framework; includeInIndex = 0; path = MAReposFramework.framework; sourceTree = BUILT_PRODUCTS_DIR; };
		473633CC23A2BA55007F1549 /* MAReposFramework.h */ = {isa = PBXFileReference; lastKnownFileType = sourcecode.c.h; path = MAReposFramework.h; sourceTree = "<group>"; };
		473633CD23A2BA55007F1549 /* Info.plist */ = {isa = PBXFileReference; lastKnownFileType = text.plist.xml; path = Info.plist; sourceTree = "<group>"; };
		473633D823A2BA98007F1549 /* MAReposPlayground.playground */ = {isa = PBXFileReference; lastKnownFileType = file.playground; path = MAReposPlayground.playground; sourceTree = "<group>"; xcLanguageSpecificationIdentifier = xcode.lang.swift; };
		47895D7523DF342C00CC8D51 /* GitHub.swift */ = {isa = PBXFileReference; lastKnownFileType = sourcecode.swift; path = GitHub.swift; sourceTree = "<group>"; };
		47895D7723DF34B100CC8D51 /* Analytics.swift */ = {isa = PBXFileReference; lastKnownFileType = sourcecode.swift; path = Analytics.swift; sourceTree = "<group>"; };
		47895D7923DF34F500CC8D51 /* Environment.swift */ = {isa = PBXFileReference; lastKnownFileType = sourcecode.swift; path = Environment.swift; sourceTree = "<group>"; };
/* End PBXFileReference section */

/* Begin PBXFrameworksBuildPhase section */
		473633AB23A2B9C8007F1549 /* Frameworks */ = {
			isa = PBXFrameworksBuildPhase;
			buildActionMask = 2147483647;
			files = (
				473633D123A2BA55007F1549 /* MAReposFramework.framework in Frameworks */,
			);
			runOnlyForDeploymentPostprocessing = 0;
		};
		473633C723A2BA55007F1549 /* Frameworks */ = {
			isa = PBXFrameworksBuildPhase;
			buildActionMask = 2147483647;
			files = (
			);
			runOnlyForDeploymentPostprocessing = 0;
		};
/* End PBXFrameworksBuildPhase section */

/* Begin PBXGroup section */
		473633A523A2B9C8007F1549 = {
			isa = PBXGroup;
			children = (
				473633D823A2BA98007F1549 /* MAReposPlayground.playground */,
				473633B023A2B9C8007F1549 /* MARepo */,
				473633CB23A2BA55007F1549 /* MAReposFramework */,
				473633AF23A2B9C8007F1549 /* Products */,
			);
			sourceTree = "<group>";
		};
		473633AF23A2B9C8007F1549 /* Products */ = {
			isa = PBXGroup;
			children = (
				473633AE23A2B9C8007F1549 /* MARepo.app */,
				473633CA23A2BA55007F1549 /* MAReposFramework.framework */,
			);
			name = Products;
			sourceTree = "<group>";
		};
		473633B023A2B9C8007F1549 /* MARepo */ = {
			isa = PBXGroup;
			children = (
				473633B123A2B9C8007F1549 /* AppDelegate.swift */,
				473633B323A2B9C8007F1549 /* SceneDelegate.swift */,
			);
			path = MARepo;
			sourceTree = "<group>";
		};
		473633CB23A2BA55007F1549 /* MAReposFramework */ = {
			isa = PBXGroup;
			children = (
				473633B523A2B9C8007F1549 /* ReposViewController.swift */,
				47895D7923DF34F500CC8D51 /* Environment.swift */,
				47895D7723DF34B100CC8D51 /* Analytics.swift */,
				47895D7523DF342C00CC8D51 /* GitHub.swift */,
				473633B723A2B9C8007F1549 /* Main.storyboard */,
				473633BA23A2B9CA007F1549 /* Assets.xcassets */,
				473633BC23A2B9CA007F1549 /* LaunchScreen.storyboard */,
				473633BF23A2B9CA007F1549 /* Info.plist */,
				473633CC23A2BA55007F1549 /* MAReposFramework.h */,
				473633CD23A2BA55007F1549 /* Info.plist */,
			);
			path = MAReposFramework;
			sourceTree = "<group>";
		};
/* End PBXGroup section */

/* Begin PBXHeadersBuildPhase section */
		473633C523A2BA55007F1549 /* Headers */ = {
			isa = PBXHeadersBuildPhase;
			buildActionMask = 2147483647;
			files = (
				473633CE23A2BA55007F1549 /* MAReposFramework.h in Headers */,
			);
			runOnlyForDeploymentPostprocessing = 0;
		};
/* End PBXHeadersBuildPhase section */

/* Begin PBXNativeTarget section */
		473633AD23A2B9C8007F1549 /* MARepo */ = {
			isa = PBXNativeTarget;
			buildConfigurationList = 473633C223A2B9CA007F1549 /* Build configuration list for PBXNativeTarget "MARepo" */;
			buildPhases = (
				473633AA23A2B9C8007F1549 /* Sources */,
				473633AB23A2B9C8007F1549 /* Frameworks */,
				473633AC23A2B9C8007F1549 /* Resources */,
				473633D623A2BA55007F1549 /* Embed Frameworks */,
			);
			buildRules = (
			);
			dependencies = (
				473633D023A2BA55007F1549 /* PBXTargetDependency */,
			);
			name = MARepo;
			productName = MARepo;
			productReference = 473633AE23A2B9C8007F1549 /* MARepo.app */;
			productType = "com.apple.product-type.application";
		};
		473633C923A2BA55007F1549 /* MAReposFramework */ = {
			isa = PBXNativeTarget;
			buildConfigurationList = 473633D323A2BA55007F1549 /* Build configuration list for PBXNativeTarget "MAReposFramework" */;
			buildPhases = (
				473633C523A2BA55007F1549 /* Headers */,
				473633C623A2BA55007F1549 /* Sources */,
				473633C723A2BA55007F1549 /* Frameworks */,
				473633C823A2BA55007F1549 /* Resources */,
			);
			buildRules = (
			);
			dependencies = (
			);
			name = MAReposFramework;
			productName = MAReposFramework;
			productReference = 473633CA23A2BA55007F1549 /* MAReposFramework.framework */;
			productType = "com.apple.product-type.framework";
		};
/* End PBXNativeTarget section */

/* Begin PBXProject section */
		473633A623A2B9C8007F1549 /* Project object */ = {
			isa = PBXProject;
			attributes = {
				LastSwiftUpdateCheck = 1130;
				LastUpgradeCheck = 1130;
				ORGANIZATIONNAME = "Pavel Bondar";
				TargetAttributes = {
					473633AD23A2B9C8007F1549 = {
						CreatedOnToolsVersion = 11.3;
					};
					473633C923A2BA55007F1549 = {
						CreatedOnToolsVersion = 11.3;
					};
				};
			};
			buildConfigurationList = 473633A923A2B9C8007F1549 /* Build configuration list for PBXProject "MARepo" */;
			compatibilityVersion = "Xcode 9.3";
			developmentRegion = en;
			hasScannedForEncodings = 0;
			knownRegions = (
				en,
				Base,
			);
			mainGroup = 473633A523A2B9C8007F1549;
			productRefGroup = 473633AF23A2B9C8007F1549 /* Products */;
			projectDirPath = "";
			projectRoot = "";
			targets = (
				473633AD23A2B9C8007F1549 /* MARepo */,
				473633C923A2BA55007F1549 /* MAReposFramework */,
			);
		};
/* End PBXProject section */

/* Begin PBXResourcesBuildPhase section */
		473633AC23A2B9C8007F1549 /* Resources */ = {
			isa = PBXResourcesBuildPhase;
			buildActionMask = 2147483647;
			files = (
				473633BE23A2B9CA007F1549 /* LaunchScreen.storyboard in Resources */,
				473633BB23A2B9CA007F1549 /* Assets.xcassets in Resources */,
				473633B923A2B9C8007F1549 /* Main.storyboard in Resources */,
			);
			runOnlyForDeploymentPostprocessing = 0;
		};
		473633C823A2BA55007F1549 /* Resources */ = {
			isa = PBXResourcesBuildPhase;
			buildActionMask = 2147483647;
			files = (
			);
			runOnlyForDeploymentPostprocessing = 0;
		};
/* End PBXResourcesBuildPhase section */

/* Begin PBXSourcesBuildPhase section */
		473633AA23A2B9C8007F1549 /* Sources */ = {
			isa = PBXSourcesBuildPhase;
			buildActionMask = 2147483647;
			files = (
				473633B223A2B9C8007F1549 /* AppDelegate.swift in Sources */,
				473633B423A2B9C8007F1549 /* SceneDelegate.swift in Sources */,
			);
			runOnlyForDeploymentPostprocessing = 0;
		};
		473633C623A2BA55007F1549 /* Sources */ = {
			isa = PBXSourcesBuildPhase;
			buildActionMask = 2147483647;
			files = (
				47895D7623DF342C00CC8D51 /* GitHub.swift in Sources */,
				47895D7A23DF34F500CC8D51 /* Environment.swift in Sources */,
				473633D723A2BA63007F1549 /* ReposViewController.swift in Sources */,
				47895D7823DF34B100CC8D51 /* Analytics.swift in Sources */,
			);
			runOnlyForDeploymentPostprocessing = 0;
		};
/* End PBXSourcesBuildPhase section */

/* Begin PBXTargetDependency section */
		473633D023A2BA55007F1549 /* PBXTargetDependency */ = {
			isa = PBXTargetDependency;
			target = 473633C923A2BA55007F1549 /* MAReposFramework */;
			targetProxy = 473633CF23A2BA55007F1549 /* PBXContainerItemProxy */;
		};
/* End PBXTargetDependency section */

/* Begin PBXVariantGroup section */
		473633B723A2B9C8007F1549 /* Main.storyboard */ = {
			isa = PBXVariantGroup;
			children = (
				473633B823A2B9C8007F1549 /* Base */,
			);
			name = Main.storyboard;
			sourceTree = "<group>";
		};
		473633BC23A2B9CA007F1549 /* LaunchScreen.storyboard */ = {
			isa = PBXVariantGroup;
			children = (
				473633BD23A2B9CA007F1549 /* Base */,
			);
			name = LaunchScreen.storyboard;
			sourceTree = "<group>";
		};
/* End PBXVariantGroup section */

/* Begin XCBuildConfiguration section */
		473633C023A2B9CA007F1549 /* Debug */ = {
			isa = XCBuildConfiguration;
			buildSettings = {
				ALWAYS_SEARCH_USER_PATHS = NO;
				CLANG_ANALYZER_NONNULL = YES;
				CLANG_ANALYZER_NUMBER_OBJECT_CONVERSION = YES_AGGRESSIVE;
				CLANG_CXX_LANGUAGE_STANDARD = "gnu++14";
				CLANG_CXX_LIBRARY = "libc++";
				CLANG_ENABLE_MODULES = YES;
				CLANG_ENABLE_OBJC_ARC = YES;
				CLANG_ENABLE_OBJC_WEAK = YES;
				CLANG_WARN_BLOCK_CAPTURE_AUTORELEASING = YES;
				CLANG_WARN_BOOL_CONVERSION = YES;
				CLANG_WARN_COMMA = YES;
				CLANG_WARN_CONSTANT_CONVERSION = YES;
				CLANG_WARN_DEPRECATED_OBJC_IMPLEMENTATIONS = YES;
				CLANG_WARN_DIRECT_OBJC_ISA_USAGE = YES_ERROR;
				CLANG_WARN_DOCUMENTATION_COMMENTS = YES;
				CLANG_WARN_EMPTY_BODY = YES;
				CLANG_WARN_ENUM_CONVERSION = YES;
				CLANG_WARN_INFINITE_RECURSION = YES;
				CLANG_WARN_INT_CONVERSION = YES;
				CLANG_WARN_NON_LITERAL_NULL_CONVERSION = YES;
				CLANG_WARN_OBJC_IMPLICIT_RETAIN_SELF = YES;
				CLANG_WARN_OBJC_LITERAL_CONVERSION = YES;
				CLANG_WARN_OBJC_ROOT_CLASS = YES_ERROR;
				CLANG_WARN_RANGE_LOOP_ANALYSIS = YES;
				CLANG_WARN_STRICT_PROTOTYPES = YES;
				CLANG_WARN_SUSPICIOUS_MOVE = YES;
				CLANG_WARN_UNGUARDED_AVAILABILITY = YES_AGGRESSIVE;
				CLANG_WARN_UNREACHABLE_CODE = YES;
				CLANG_WARN__DUPLICATE_METHOD_MATCH = YES;
				COPY_PHASE_STRIP = NO;
				DEBUG_INFORMATION_FORMAT = dwarf;
				ENABLE_STRICT_OBJC_MSGSEND = YES;
				ENABLE_TESTABILITY = YES;
				GCC_C_LANGUAGE_STANDARD = gnu11;
				GCC_DYNAMIC_NO_PIC = NO;
				GCC_NO_COMMON_BLOCKS = YES;
				GCC_OPTIMIZATION_LEVEL = 0;
				GCC_PREPROCESSOR_DEFINITIONS = (
					"DEBUG=1",
					"$(inherited)",
				);
				GCC_WARN_64_TO_32_BIT_CONVERSION = YES;
				GCC_WARN_ABOUT_RETURN_TYPE = YES_ERROR;
				GCC_WARN_UNDECLARED_SELECTOR = YES;
				GCC_WARN_UNINITIALIZED_AUTOS = YES_AGGRESSIVE;
				GCC_WARN_UNUSED_FUNCTION = YES;
				GCC_WARN_UNUSED_VARIABLE = YES;
				IPHONEOS_DEPLOYMENT_TARGET = 13.2;
				MTL_ENABLE_DEBUG_INFO = INCLUDE_SOURCE;
				MTL_FAST_MATH = YES;
				ONLY_ACTIVE_ARCH = YES;
				SDKROOT = iphoneos;
				SWIFT_ACTIVE_COMPILATION_CONDITIONS = DEBUG;
				SWIFT_OPTIMIZATION_LEVEL = "-Onone";
			};
			name = Debug;
		};
		473633C123A2B9CA007F1549 /* Release */ = {
			isa = XCBuildConfiguration;
			buildSettings = {
				ALWAYS_SEARCH_USER_PATHS = NO;
				CLANG_ANALYZER_NONNULL = YES;
				CLANG_ANALYZER_NUMBER_OBJECT_CONVERSION = YES_AGGRESSIVE;
				CLANG_CXX_LANGUAGE_STANDARD = "gnu++14";
				CLANG_CXX_LIBRARY = "libc++";
				CLANG_ENABLE_MODULES = YES;
				CLANG_ENABLE_OBJC_ARC = YES;
				CLANG_ENABLE_OBJC_WEAK = YES;
				CLANG_WARN_BLOCK_CAPTURE_AUTORELEASING = YES;
				CLANG_WARN_BOOL_CONVERSION = YES;
				CLANG_WARN_COMMA = YES;
				CLANG_WARN_CONSTANT_CONVERSION = YES;
				CLANG_WARN_DEPRECATED_OBJC_IMPLEMENTATIONS = YES;
				CLANG_WARN_DIRECT_OBJC_ISA_USAGE = YES_ERROR;
				CLANG_WARN_DOCUMENTATION_COMMENTS = YES;
				CLANG_WARN_EMPTY_BODY = YES;
				CLANG_WARN_ENUM_CONVERSION = YES;
				CLANG_WARN_INFINITE_RECURSION = YES;
				CLANG_WARN_INT_CONVERSION = YES;
				CLANG_WARN_NON_LITERAL_NULL_CONVERSION = YES;
				CLANG_WARN_OBJC_IMPLICIT_RETAIN_SELF = YES;
				CLANG_WARN_OBJC_LITERAL_CONVERSION = YES;
				CLANG_WARN_OBJC_ROOT_CLASS = YES_ERROR;
				CLANG_WARN_RANGE_LOOP_ANALYSIS = YES;
				CLANG_WARN_STRICT_PROTOTYPES = YES;
				CLANG_WARN_SUSPICIOUS_MOVE = YES;
				CLANG_WARN_UNGUARDED_AVAILABILITY = YES_AGGRESSIVE;
				CLANG_WARN_UNREACHABLE_CODE = YES;
				CLANG_WARN__DUPLICATE_METHOD_MATCH = YES;
				COPY_PHASE_STRIP = NO;
				DEBUG_INFORMATION_FORMAT = "dwarf-with-dsym";
				ENABLE_NS_ASSERTIONS = NO;
				ENABLE_STRICT_OBJC_MSGSEND = YES;
				GCC_C_LANGUAGE_STANDARD = gnu11;
				GCC_NO_COMMON_BLOCKS = YES;
				GCC_WARN_64_TO_32_BIT_CONVERSION = YES;
				GCC_WARN_ABOUT_RETURN_TYPE = YES_ERROR;
				GCC_WARN_UNDECLARED_SELECTOR = YES;
				GCC_WARN_UNINITIALIZED_AUTOS = YES_AGGRESSIVE;
				GCC_WARN_UNUSED_FUNCTION = YES;
				GCC_WARN_UNUSED_VARIABLE = YES;
				IPHONEOS_DEPLOYMENT_TARGET = 13.2;
				MTL_ENABLE_DEBUG_INFO = NO;
				MTL_FAST_MATH = YES;
				SDKROOT = iphoneos;
				SWIFT_COMPILATION_MODE = wholemodule;
				SWIFT_OPTIMIZATION_LEVEL = "-O";
				VALIDATE_PRODUCT = YES;
			};
			name = Release;
		};
		473633C323A2B9CA007F1549 /* Debug */ = {
			isa = XCBuildConfiguration;
			buildSettings = {
				ALWAYS_EMBED_SWIFT_STANDARD_LIBRARIES = YES;
				ASSETCATALOG_COMPILER_APPICON_NAME = AppIcon;
				CODE_SIGN_STYLE = Automatic;
				DEVELOPMENT_TEAM = Z67C29K2Q6;
				INFOPLIST_FILE = MARepo/Info.plist;
				LD_RUNPATH_SEARCH_PATHS = (
					"$(inherited)",
					"@executable_path/Frameworks",
				);
				PRODUCT_BUNDLE_IDENTIFIER = PB.MARepo;
				PRODUCT_NAME = "$(TARGET_NAME)";
				SWIFT_VERSION = 5.0;
				TARGETED_DEVICE_FAMILY = "1,2";
			};
			name = Debug;
		};
		473633C423A2B9CA007F1549 /* Release */ = {
			isa = XCBuildConfiguration;
			buildSettings = {
				ALWAYS_EMBED_SWIFT_STANDARD_LIBRARIES = YES;
				ASSETCATALOG_COMPILER_APPICON_NAME = AppIcon;
				CODE_SIGN_STYLE = Automatic;
				DEVELOPMENT_TEAM = Z67C29K2Q6;
				INFOPLIST_FILE = MARepo/Info.plist;
				LD_RUNPATH_SEARCH_PATHS = (
					"$(inherited)",
					"@executable_path/Frameworks",
				);
				PRODUCT_BUNDLE_IDENTIFIER = PB.MARepo;
				PRODUCT_NAME = "$(TARGET_NAME)";
				SWIFT_VERSION = 5.0;
				TARGETED_DEVICE_FAMILY = "1,2";
			};
			name = Release;
		};
		473633D423A2BA55007F1549 /* Debug */ = {
			isa = XCBuildConfiguration;
			buildSettings = {
				CODE_SIGN_STYLE = Automatic;
				CURRENT_PROJECT_VERSION = 1;
				DEFINES_MODULE = YES;
				DEVELOPMENT_TEAM = Z67C29K2Q6;
				DYLIB_COMPATIBILITY_VERSION = 1;
				DYLIB_CURRENT_VERSION = 1;
				DYLIB_INSTALL_NAME_BASE = "@rpath";
				INFOPLIST_FILE = MAReposFramework/Info.plist;
				INSTALL_PATH = "$(LOCAL_LIBRARY_DIR)/Frameworks";
				LD_RUNPATH_SEARCH_PATHS = (
					"$(inherited)",
					"@executable_path/Frameworks",
					"@loader_path/Frameworks",
				);
				PRODUCT_BUNDLE_IDENTIFIER = PB.MAReposFramework;
				PRODUCT_NAME = "$(TARGET_NAME:c99extidentifier)";
				SKIP_INSTALL = YES;
				SWIFT_VERSION = 5.0;
				TARGETED_DEVICE_FAMILY = "1,2";
				VERSIONING_SYSTEM = "apple-generic";
				VERSION_INFO_PREFIX = "";
			};
			name = Debug;
		};
		473633D523A2BA55007F1549 /* Release */ = {
			isa = XCBuildConfiguration;
			buildSettings = {
				CODE_SIGN_STYLE = Automatic;
				CURRENT_PROJECT_VERSION = 1;
				DEFINES_MODULE = YES;
				DEVELOPMENT_TEAM = Z67C29K2Q6;
				DYLIB_COMPATIBILITY_VERSION = 1;
				DYLIB_CURRENT_VERSION = 1;
				DYLIB_INSTALL_NAME_BASE = "@rpath";
				INFOPLIST_FILE = MAReposFramework/Info.plist;
				INSTALL_PATH = "$(LOCAL_LIBRARY_DIR)/Frameworks";
				LD_RUNPATH_SEARCH_PATHS = (
					"$(inherited)",
					"@executable_path/Frameworks",
					"@loader_path/Frameworks",
				);
				PRODUCT_BUNDLE_IDENTIFIER = PB.MAReposFramework;
				PRODUCT_NAME = "$(TARGET_NAME:c99extidentifier)";
				SKIP_INSTALL = YES;
				SWIFT_VERSION = 5.0;
				TARGETED_DEVICE_FAMILY = "1,2";
				VERSIONING_SYSTEM = "apple-generic";
				VERSION_INFO_PREFIX = "";
			};
			name = Release;
		};
/* End XCBuildConfiguration section */

/* Begin XCConfigurationList section */
		473633A923A2B9C8007F1549 /* Build configuration list for PBXProject "MARepo" */ = {
			isa = XCConfigurationList;
			buildConfigurations = (
				473633C023A2B9CA007F1549 /* Debug */,
				473633C123A2B9CA007F1549 /* Release */,
			);
			defaultConfigurationIsVisible = 0;
			defaultConfigurationName = Release;
		};
		473633C223A2B9CA007F1549 /* Build configuration list for PBXNativeTarget "MARepo" */ = {
			isa = XCConfigurationList;
			buildConfigurations = (
				473633C323A2B9CA007F1549 /* Debug */,
				473633C423A2B9CA007F1549 /* Release */,
			);
			defaultConfigurationIsVisible = 0;
			defaultConfigurationName = Release;
		};
		473633D323A2BA55007F1549 /* Build configuration list for PBXNativeTarget "MAReposFramework" */ = {
			isa = XCConfigurationList;
			buildConfigurations = (
				473633D423A2BA55007F1549 /* Debug */,
				473633D523A2BA55007F1549 /* Release */,
			);
			defaultConfigurationIsVisible = 0;
			defaultConfigurationName = Release;
		};
/* End XCConfigurationList section */
	};
	rootObject = 473633A623A2B9C8007F1549 /* Project object */;
}
