PODS:
  - R.swift (5.1.0):
    - R.swift.Library (~> 5.1.0)
  - R.swift.Library (5.1.0)
  - Sourcery (0.17.0)
  - SwiftLint (0.38.2)

DEPENDENCIES:
  - R.swift (= 5.1.0)
  - Sourcery (= 0.17.0)
  - SwiftLint (= 0.38.2)

SPEC REPOS:
  trunk:
    - R.swift
    - R.swift.Library
    - Sourcery
    - SwiftLint

SPEC CHECKSUMS:
  R.swift: 8cbc4fc69b740305b6a17c8a8ed968eb788962d9
  R.swift.Library: fa85ce1e0d0b7e818cd9e080df910ba54d2776cc
  Sourcery: 3ed61be7c8a1218fce349266139379dba477efe0
  SwiftLint: 8f5d2f903e1c9bcbc832fd16771e80a263ac6cbb

PODFILE CHECKSUM: 43dbfa34cb00e462684dbcc93070300f8fe11b6f

COCOAPODS: 1.8.4
